<?xml version="1.0" encoding="utf-8"?>
<Project ToolsVersion="4.0" xmlns="http://schemas.microsoft.com/developer/msbuild/2003">
  <ItemGroup>
    <Filter Include="Source Files">
      <UniqueIdentifier>{4FC737F1-C7A5-4376-A066-2A32D752A2FF}</UniqueIdentifier>
      <Extensions>cpp;c;cc;cxx;def;odl;idl;hpj;bat;asm;asmx</Extensions>
    </Filter>
    <Filter Include="Header Files">
      <UniqueIdentifier>{93995380-89BD-4b04-88EB-625FBE52EBFB}</UniqueIdentifier>
      <Extensions>h;hh;hpp;hxx;hm;inl;inc;ipp;xsd</Extensions>
    </Filter>
    <Filter Include="Resource Files">
      <UniqueIdentifier>{67DA6AB6-F800-4c08-8B7A-83BB121AAD01}</UniqueIdentifier>
      <Extensions>rc;ico;cur;bmp;dlg;rc2;rct;bin;rgs;gif;jpg;jpeg;jpe;resx;tiff;tif;png;wav;mfcribbon-ms</Extensions>
    </Filter>
  </ItemGroup>
  <ItemGroup>
    <ClInclude Include="Sources\BasicTypes\Bool.h">
      <Filter>Header Files</Filter>
    </ClInclude>
    <ClInclude Include="Sources\BasicTypes\Types.h">
      <Filter>Header Files</Filter>
    </ClInclude>
    <ClInclude Include="Sources\BasicTypes\Int.h">
      <Filter>Header Files</Filter>
    </ClInclude>
    <ClInclude Include="Sources\BasicTypes\Micros.h">
      <Filter>Header Files</Filter>
    </ClInclude>
    <ClInclude Include="Sources\Vector\Vector.h">
      <Filter>Header Files</Filter>
    </ClInclude>
    <ClInclude Include="Sources\Vector\VectorStruct.h">
      <Filter>Header Files</Filter>
    </ClInclude>
    <ClInclude Include="Sources\Vector\VectorArgorithm.h">
      <Filter>Header Files</Filter>
    </ClInclude>
    <ClInclude Include="Sources\BasicTypes\Callbacks.h">
      <Filter>Header Files</Filter>
    </ClInclude>
    <ClInclude Include="Sources\Array\Array.h">
      <Filter>Header Files</Filter>
    </ClInclude>
    <ClInclude Include="Sources\Array\ArrayStruct.h">
      <Filter>Header Files</Filter>
    </ClInclude>
    <ClInclude Include="Sources\BasicTypes\FunctionTypes.h">
      <Filter>Header Files</Filter>
    </ClInclude>
    <ClInclude Include="Sources\Vector\VectorGlobalConfigure.h">
      <Filter>Header Files</Filter>
    </ClInclude>
    <ClInclude Include="Sources\Vector.h">
      <Filter>Header Files</Filter>
    </ClInclude>
    <ClInclude Include="Sources\Array.h">
      <Filter>Header Files</Filter>
    </ClInclude>
    <ClInclude Include="Sources\Memory\Memory.h">
      <Filter>Header Files</Filter>
    </ClInclude>
    <ClInclude Include="Sources\Types.h">
      <Filter>Header Files</Filter>
    </ClInclude>
    <ClInclude Include="Sources\ClassInstance\ClassInstance.h">
      <Filter>Header Files</Filter>
    </ClInclude>
    <ClInclude Include="Sources\ClassInstance\ClassGlobalConfigure.h">
      <Filter>Header Files</Filter>
    </ClInclude>
    <ClInclude Include="Sources\ClassInstance.h">
      <Filter>Header Files</Filter>
    </ClInclude>
    <ClInclude Include="Sources\ClassOriented\ClassOriented.h">
      <Filter>Header Files</Filter>
    </ClInclude>
    <ClInclude Include="Sources\ClassMeta\ClassMeta.h">
      <Filter>Header Files</Filter>
    </ClInclude>
    <ClInclude Include="Sources\ClassMeta.h">
      <Filter>Header Files</Filter>
    </ClInclude>
    <ClInclude Include="Sources\Array\ArrayMeta.h">
      <Filter>Header Files</Filter>
    </ClInclude>
    <ClInclude Include="Sources\Stack\StackStruct.h">
      <Filter>Header Files</Filter>
    </ClInclude>
    <ClInclude Include="Sources\Stack\StackMeta.h">
      <Filter>Header Files</Filter>
    </ClInclude>
    <ClInclude Include="Sources\Stack\Stack.h">
      <Filter>Header Files</Filter>
    </ClInclude>
    <ClInclude Include="Sources\Stack.h">
      <Filter>Header Files</Filter>
    </ClInclude>
    <ClInclude Include="Sources\Deque\Deque.h">
      <Filter>Header Files</Filter>
    </ClInclude>
    <ClInclude Include="Sources\Deque\DequeMeta.h">
      <Filter>Header Files</Filter>
    </ClInclude>
    <ClInclude Include="Sources\Deque\DequeStruct.h">
      <Filter>Header Files</Filter>
    </ClInclude>
    <ClInclude Include="Sources\Deque.h">
      <Filter>Header Files</Filter>
    </ClInclude>
  </ItemGroup>
  <ItemGroup>
    <ClCompile Include="Sources\BasicTypes\Impls\Int.c">
      <Filter>Source Files</Filter>
    </ClCompile>
    <ClCompile Include="Sources\Vector\Impls\Vector.c">
      <Filter>Source Files</Filter>
    </ClCompile>
    <ClCompile Include="Sources\Vector\Impls\VectorArgorithm.c">
      <Filter>Source Files</Filter>
    </ClCompile>
    <ClCompile Include="Sources\Array\Impls\Array.c">
      <Filter>Source Files</Filter>
    </ClCompile>
    <ClCompile Include="Sources\Vector\Impls\VectorGlobalConfigure.c">
      <Filter>Source Files</Filter>
    </ClCompile>
    <ClCompile Include="Sources\Memory\Impls\Memory.c">
      <Filter>Source Files</Filter>
    </ClCompile>
    <ClCompile Include="Sources\ClassInstance\Impls\ClassInstance.c">
      <Filter>Source Files</Filter>
    </ClCompile>
    <ClCompile Include="Sources\ClassInstance\Impls\ClassGlobalConfigure.c">
      <Filter>Source Files</Filter>
    </ClCompile>
    <ClCompile Include="Sources\ClassMeta\Impls\ClassMeta.c">
      <Filter>Source Files</Filter>
    </ClCompile>
    <ClCompile Include="Sources\Array\Impls\ArrayMeta.c">
      <Filter>Source Files</Filter>
    </ClCompile>
    <ClCompile Include="Sources\Stack\Impls\StackMeta.c">
      <Filter>Source Files</Filter>
    </ClCompile>
    <ClCompile Include="Sources\Stack\Impls\Stack.c">
      <Filter>Source Files</Filter>
    </ClCompile>
    <ClCompile Include="Sources\ClassMeta\Impls\DefaultMeta.c">
      <Filter>Source Files</Filter>
    </ClCompile>
    <ClCompile Include="Sources\Deque\Impls\Deque.c">
      <Filter>Source Files</Filter>
    </ClCompile>
    <ClCompile Include="Sources\Deque\Impls\DequeMeta.c">
      <Filter>Source Files</Filter>
    </ClCompile>
  </ItemGroup>
</Project>